{
  "name": "supreme-octo-funicular",
  "lockfileVersion": 2,
  "requires": true,
  "packages": {
    "": {
      "dependencies": {
        "@paper-design/shaders-react": "^0.0.76"
      }
    },
    "node_modules/@paper-design/shaders": {
      "version": "0.0.76",
      "resolved": "https://registry.npmjs.org/@paper-design/shaders/-/shaders-0.0.76.tgz",
      "integrity": "sha512-AcNDY4J66YQHUfQYFInkCP7M9VOje0od7wLpOR7LtCmc532opJy6ll+h1W9zBovz8tt9U7OADUmJ/qKEXyOX/A=="
    },
    "node_modules/@paper-design/shaders-react": {
      "version": "0.0.76",
      "resolved": "https://registry.npmjs.org/@paper-design/shaders-react/-/shaders-react-0.0.76.tgz",
      "integrity": "sha512-uPJWrYRf6cJdO2H+fuXlahaqz0QjYglNAyUTaRfIInpzCa/d6guxBIK003soAZQFuQ035yg9FhtfFzKNWm+a5A==",
      "dependencies": {
        "@paper-design/shaders": "0.0.76"
      },
      "peerDependencies": {
        "@types/react": "^18 || ^19",
        "react": "^18 || ^19"
      },
      "peerDependenciesMeta": {
        "@types/react": {
          "optional": true
        }
      }
    },
    "node_modules/react": {
      "version": "19.2.7",
      "resolved": "https://registry.npmjs.org/react/-/react-19.2.7.tgz",
      "integrity": "sha512-HNe9WslTbXmFK8o8cmwgAeJFSBvt1bPdHCVKtaaV+WlAN36mpT4hcRpwbf3fY56ar2oIXzsBpOAiIRHAdY0OlQ==",
      "peer": true,
      "engines": {
        "node": ">=0.10.0"
      }
    }
  },
  "dependencies": {
    "@paper-design/shaders": {
      "version": "0.0.76",
      "resolved": "https://registry.npmjs.org/@paper-design/shaders/-/shaders-0.0.76.tgz",
      "integrity": "sha512-AcNDY4J66YQHUfQYFInkCP7M9VOje0od7wLpOR7LtCmc532opJy6ll+h1W9zBovz8tt9U7OADUmJ/qKEXyOX/A=="
    },
    "@paper-design/shaders-react": {
      "version": "0.0.76",
      "resolved": "https://registry.npmjs.org/@paper-design/shaders-react/-/shaders-react-0.0.76.tgz",
      "integrity": "sha512-uPJWrYRf6cJdO2H+fuXlahaqz0QjYglNAyUTaRfIInpzCa/d6guxBIK003soAZQFuQ035yg9FhtfFzKNWm+a5A==",
      "requires": {
        "@paper-design/shaders": "0.0.76"
      }
    },
    "react": {
      "version": "19.2.7",
      "resolved": "https://registry.npmjs.org/react/-/react-19.2.7.tgz",
      "integrity": "sha512-HNe9WslTbXmFK8o8cmwgAeJFSBvt1bPdHCVKtaaV+WlAN36mpT4hcRpwbf3fY56ar2oIXzsBpOAiIRHAdY0OlQ==",
      "peer": true
    }
  }
}
